
Microsoft Visual Studio Solution File, Format Version 12.00
# Visual Studio Version 17
VisualStudioVersion = 17.12.35527.113 d17.12
MinimumVisualStudioVersion = 10.0.40219.1
Project("{FAE04EC0-301F-11D3-BF4B-00C04F79EFBC}") = "c#", "c#.csproj", "{7F168565-1B6D-4154-89C1-C3633DA33EBE}"
EndProject
Global
	GlobalSection(SolutionConfigurationPlatforms) = preSolution
		Debug|Any CPU = Debug|Any CPU
		Debug|x64 = Debug|x64
		Release|Any CPU = Release|Any CPU
		Release|x64 = Release|x64
	EndGlobalSection
	GlobalSection(ProjectConfigurationPlatforms) = postSolution
		{7F168565-1B6D-4154-89C1-C3633DA33EBE}.Debug|Any CPU.ActiveCfg = Debug|Any CPU
		{7F168565-1B6D-4154-89C1-C3633DA33EBE}.Debug|Any CPU.Build.0 = Debug|Any CPU
		{7F168565-1B6D-4154-89C1-C3633DA33EBE}.Debug|x64.ActiveCfg = Debug|Any CPU
		{7F168565-1B6D-4154-89C1-C3633DA33EBE}.Debug|x64.Build.0 = Debug|Any CPU
		{7F168565-1B6D-4154-89C1-C3633DA33EBE}.Release|Any CPU.ActiveCfg = Release|x64
		{7F168565-1B6D-4154-89C1-C3633DA33EBE}.Release|Any CPU.Build.0 = Release|x64
		{7F168565-1B6D-4154-89C1-C3633DA33EBE}.Release|x64.ActiveCfg = Release|x64
		{7F168565-1B6D-4154-89C1-C3633DA33EBE}.Release|x64.Build.0 = Release|x64
	EndGlobalSection
	GlobalSection(SolutionProperties) = preSolution
		HideSolutionNode = FALSE
	EndGlobalSection
EndGlobal
